
Microsoft Visual Studio Solution File, Format Version 12.00
# Visual Studio Version 16
VisualStudioVersion = 16.0.30907.101
MinimumVisualStudioVersion = 10.0.40219.1
Project("{FAE04EC0-301F-11D3-BF4B-00C04F79EFBC}") = "ArticleServices", "ArticleServices\ArticleServices.csproj", "{4219B801-FEE8-4567-9BD0-ECFB89FE959C}"
EndProject
Project("{FAE04EC0-301F-11D3-BF4B-00C04F79EFBC}") = "TagServices", "TagServices\TagServices.csproj", "{668D269C-44F5-4FC6-8DDC-3F66F3EBEE47}"
EndProject
Project("{FAE04EC0-301F-11D3-BF4B-00C04F79EFBC}") = "CommentServices", "CommentServices\CommentServices.csproj", "{CE37FAA9-3498-4C8B-9ED7-5F06DB9FA01E}"
EndProject
Project("{FAE04EC0-301F-11D3-BF4B-00C04F79EFBC}") = "CategoryServices", "CategoryServices\CategoryServices.csproj", "{D5F38E93-BE3A-4E26-B3A1-3F3CC2A92E3E}"
EndProject
Project("{FAE04EC0-301F-11D3-BF4B-00C04F79EFBC}") = "UserServices", "UserServices\UserServices.csproj", "{C095A660-DA04-463D-81B3-5317993F84C5}"
EndProject
Project("{FAE04EC0-301F-11D3-BF4B-00C04F79EFBC}") = "Core", "Core\Core.csproj", "{CB56C3A2-1378-4A32-AD9C-11805277241F}"
EndProject
Project("{FAE04EC0-301F-11D3-BF4B-00C04F79EFBC}") = "LogServices", "LogServices\LogServices.csproj", "{E5B45A12-903B-42DC-81E4-994B7EB9583F}"
EndProject
Project("{FAE04EC0-301F-11D3-BF4B-00C04F79EFBC}") = "LikeServices", "LikeServices\LikeServices.csproj", "{D3BA8625-52BB-496F-8317-65F11B54D477}"
EndProject
Global
	GlobalSection(SolutionConfigurationPlatforms) = preSolution
		Debug|Any CPU = Debug|Any CPU
		Release|Any CPU = Release|Any CPU
	EndGlobalSection
	GlobalSection(ProjectConfigurationPlatforms) = postSolution
		{4219B801-FEE8-4567-9BD0-ECFB89FE959C}.Debug|Any CPU.ActiveCfg = Debug|Any CPU
		{4219B801-FEE8-4567-9BD0-ECFB89FE959C}.Debug|Any CPU.Build.0 = Debug|Any CPU
		{4219B801-FEE8-4567-9BD0-ECFB89FE959C}.Release|Any CPU.ActiveCfg = Release|Any CPU
		{4219B801-FEE8-4567-9BD0-ECFB89FE959C}.Release|Any CPU.Build.0 = Release|Any CPU
		{668D269C-44F5-4FC6-8DDC-3F66F3EBEE47}.Debug|Any CPU.ActiveCfg = Debug|Any CPU
		{668D269C-44F5-4FC6-8DDC-3F66F3EBEE47}.Debug|Any CPU.Build.0 = Debug|Any CPU
		{668D269C-44F5-4FC6-8DDC-3F66F3EBEE47}.Release|Any CPU.ActiveCfg = Release|Any CPU
		{668D269C-44F5-4FC6-8DDC-3F66F3EBEE47}.Release|Any CPU.Build.0 = Release|Any CPU
		{CE37FAA9-3498-4C8B-9ED7-5F06DB9FA01E}.Debug|Any CPU.ActiveCfg = Debug|Any CPU
		{CE37FAA9-3498-4C8B-9ED7-5F06DB9FA01E}.Debug|Any CPU.Build.0 = Debug|Any CPU
		{CE37FAA9-3498-4C8B-9ED7-5F06DB9FA01E}.Release|Any CPU.ActiveCfg = Release|Any CPU
		{CE37FAA9-3498-4C8B-9ED7-5F06DB9FA01E}.Release|Any CPU.Build.0 = Release|Any CPU
		{D5F38E93-BE3A-4E26-B3A1-3F3CC2A92E3E}.Debug|Any CPU.ActiveCfg = Debug|Any CPU
		{D5F38E93-BE3A-4E26-B3A1-3F3CC2A92E3E}.Debug|Any CPU.Build.0 = Debug|Any CPU
		{D5F38E93-BE3A-4E26-B3A1-3F3CC2A92E3E}.Release|Any CPU.ActiveCfg = Release|Any CPU
		{D5F38E93-BE3A-4E26-B3A1-3F3CC2A92E3E}.Release|Any CPU.Build.0 = Release|Any CPU
		{C095A660-DA04-463D-81B3-5317993F84C5}.Debug|Any CPU.ActiveCfg = Debug|Any CPU
		{C095A660-DA04-463D-81B3-5317993F84C5}.Debug|Any CPU.Build.0 = Debug|Any CPU
		{C095A660-DA04-463D-81B3-5317993F84C5}.Release|Any CPU.ActiveCfg = Release|Any CPU
		{C095A660-DA04-463D-81B3-5317993F84C5}.Release|Any CPU.Build.0 = Release|Any CPU
		{CB56C3A2-1378-4A32-AD9C-11805277241F}.Debug|Any CPU.ActiveCfg = Debug|Any CPU
		{CB56C3A2-1378-4A32-AD9C-11805277241F}.Debug|Any CPU.Build.0 = Debug|Any CPU
		{CB56C3A2-1378-4A32-AD9C-11805277241F}.Release|Any CPU.ActiveCfg = Release|Any CPU
		{CB56C3A2-1378-4A32-AD9C-11805277241F}.Release|Any CPU.Build.0 = Release|Any CPU
		{E5B45A12-903B-42DC-81E4-994B7EB9583F}.Debug|Any CPU.ActiveCfg = Debug|Any CPU
		{E5B45A12-903B-42DC-81E4-994B7EB9583F}.Debug|Any CPU.Build.0 = Debug|Any CPU
		{E5B45A12-903B-42DC-81E4-994B7EB9583F}.Release|Any CPU.ActiveCfg = Release|Any CPU
		{E5B45A12-903B-42DC-81E4-994B7EB9583F}.Release|Any CPU.Build.0 = Release|Any CPU
		{D3BA8625-52BB-496F-8317-65F11B54D477}.Debug|Any CPU.ActiveCfg = Debug|Any CPU
		{D3BA8625-52BB-496F-8317-65F11B54D477}.Debug|Any CPU.Build.0 = Debug|Any CPU
		{D3BA8625-52BB-496F-8317-65F11B54D477}.Release|Any CPU.ActiveCfg = Release|Any CPU
		{D3BA8625-52BB-496F-8317-65F11B54D477}.Release|Any CPU.Build.0 = Release|Any CPU
	EndGlobalSection
	GlobalSection(SolutionProperties) = preSolution
		HideSolutionNode = FALSE
	EndGlobalSection
	GlobalSection(ExtensibilityGlobals) = postSolution
		SolutionGuid = {0A0B438D-2B5D-47B3-9A98-12368B99FB45}
	EndGlobalSection
EndGlobal
